// !$*UTF8*$!
{
	archiveVersion = 1;
	classes = {
	};
	objectVersion = 46;
	objects = {

/* Begin PBXBuildFile section */
		AD09FC1C17FCDC7200A4E49F /* Cocoa.framework in Frameworks */ = {isa = PBXBuildFile; fileRef = AD09FC1B17FCDC7200A4E49F /* Cocoa.framework */; };
		AD09FC2617FCDC7200A4E49F /* InfoPlist.strings in Resources */ = {isa = PBXBuildFile; fileRef = AD09FC2417FCDC7200A4E49F /* InfoPlist.strings */; };
		AD09FC2817FCDC7200A4E49F /* main.m in Sources */ = {isa = PBXBuildFile; fileRef = AD09FC2717FCDC7200A4E49F /* main.m */; };
		AD09FC2C17FCDC7200A4E49F /* Credits.rtf in Resources */ = {isa = PBXBuildFile; fileRef = AD09FC2A17FCDC7200A4E49F /* Credits.rtf */; };
		AD09FC2F17FCDC7200A4E49F /* VLDocument.m in Sources */ = {isa = PBXBuildFile; fileRef = AD09FC2E17FCDC7200A4E49F /* VLDocument.m */; };
		AD09FC3517FCDC7200A4E49F /* MainMenu.xib in Resources */ = {isa = PBXBuildFile; fileRef = AD09FC3317FCDC7200A4E49F /* MainMenu.xib */; };
		AD09FC3717FCDC7200A4E49F /* Images.xcassets in Resources */ = {isa = PBXBuildFile; fileRef = AD09FC3617FCDC7200A4E49F /* Images.xcassets */; };
		AD09FC3E17FCDC7200A4E49F /* XCTest.framework in Frameworks */ = {isa = PBXBuildFile; fileRef = AD09FC3D17FCDC7200A4E49F /* XCTest.framework */; };
		AD09FC3F17FCDC7200A4E49F /* Cocoa.framework in Frameworks */ = {isa = PBXBuildFile; fileRef = AD09FC1B17FCDC7200A4E49F /* Cocoa.framework */; };
		AD09FC4717FCDC7200A4E49F /* InfoPlist.strings in Resources */ = {isa = PBXBuildFile; fileRef = AD09FC4517FCDC7200A4E49F /* InfoPlist.strings */; };
		AD09FC4917FCDC7200A4E49F /* PBPKModelGeneratorTests.m in Sources */ = {isa = PBXBuildFile; fileRef = AD09FC4817FCDC7200A4E49F /* PBPKModelGeneratorTests.m */; };
		AD09FC5317FCDC8E00A4E49F /* VLDocument.xib in Resources */ = {isa = PBXBuildFile; fileRef = AD09FC5217FCDC8E00A4E49F /* VLDocument.xib */; };
		AD09FC5617FCDD7A00A4E49F /* Languages.xml in Resources */ = {isa = PBXBuildFile; fileRef = AD09FC5517FCDD7A00A4E49F /* Languages.xml */; };
		AD543CAC17FD85490084CF8A /* libVLCodeGeneratorLibrary.a in Frameworks */ = {isa = PBXBuildFile; fileRef = AD543CAB17FD85490084CF8A /* libVLCodeGeneratorLibrary.a */; };
		AD543CB717FDD7AC0084CF8A /* Selectors.xml in Resources */ = {isa = PBXBuildFile; fileRef = AD543CB617FDD7AC0084CF8A /* Selectors.xml */; };
		ADAE51161846B40B00A291AB /* TransformationTypes.xml in Resources */ = {isa = PBXBuildFile; fileRef = ADAE51151846B40B00A291AB /* TransformationTypes.xml */; };
/* End PBXBuildFile section */

/* Begin PBXContainerItemProxy section */
		AD09FC4017FCDC7200A4E49F /* PBXContainerItemProxy */ = {
			isa = PBXContainerItemProxy;
			containerPortal = AD09FC1017FCDC7200A4E49F /* Project object */;
			proxyType = 1;
			remoteGlobalIDString = AD09FC1717FCDC7200A4E49F;
			remoteInfo = PBPKModelGenerator;
		};
/* End PBXContainerItemProxy section */

/* Begin PBXFileReference section */
		AD09FC1817FCDC7200A4E49F /* PBPKModelGenerator.app */ = {isa = PBXFileReference; explicitFileType = wrapper.application; includeInIndex = 0; path = PBPKModelGenerator.app; sourceTree = BUILT_PRODUCTS_DIR; };
		AD09FC1B17FCDC7200A4E49F /* Cocoa.framework */ = {isa = PBXFileReference; lastKnownFileType = wrapper.framework; name = Cocoa.framework; path = System/Library/Frameworks/Cocoa.framework; sourceTree = SDKROOT; };
		AD09FC1E17FCDC7200A4E49F /* AppKit.framework */ = {isa = PBXFileReference; lastKnownFileType = wrapper.framework; name = AppKit.framework; path = System/Library/Frameworks/AppKit.framework; sourceTree = SDKROOT; };
		AD09FC1F17FCDC7200A4E49F /* CoreData.framework */ = {isa = PBXFileReference; lastKnownFileType = wrapper.framework; name = CoreData.framework; path = System/Library/Frameworks/CoreData.framework; sourceTree = SDKROOT; };
		AD09FC2017FCDC7200A4E49F /* Foundation.framework */ = {isa = PBXFileReference; lastKnownFileType = wrapper.framework; name = Foundation.framework; path = System/Library/Frameworks/Foundation.framework; sourceTree = SDKROOT; };
		AD09FC2317FCDC7200A4E49F /* PBPKModelGenerator-Info.plist */ = {isa = PBXFileReference; lastKnownFileType = text.plist.xml; path = "PBPKModelGenerator-Info.plist"; sourceTree = "<group>"; };
		AD09FC2517FCDC7200A4E49F /* en */ = {isa = PBXFileReference; lastKnownFileType = text.plist.strings; name = en; path = en.lproj/InfoPlist.strings; sourceTree = "<group>"; };
		AD09FC2717FCDC7200A4E49F /* main.m */ = {isa = PBXFileReference; lastKnownFileType = sourcecode.c.objc; path = main.m; sourceTree = "<group>"; };
		AD09FC2917FCDC7200A4E49F /* PBPKModelGenerator-Prefix.pch */ = {isa = PBXFileReference; lastKnownFileType = sourcecode.c.h; path = "PBPKModelGenerator-Prefix.pch"; sourceTree = "<group>"; };
		AD09FC2B17FCDC7200A4E49F /* en */ = {isa = PBXFileReference; lastKnownFileType = text.rtf; name = en; path = en.lproj/Credits.rtf; sourceTree = "<group>"; };
		AD09FC2D17FCDC7200A4E49F /* VLDocument.h */ = {isa = PBXFileReference; lastKnownFileType = sourcecode.c.h; path = VLDocument.h; sourceTree = "<group>"; };
		AD09FC2E17FCDC7200A4E49F /* VLDocument.m */ = {isa = PBXFileReference; lastKnownFileType = sourcecode.c.objc; path = VLDocument.m; sourceTree = "<group>"; };
		AD09FC3417FCDC7200A4E49F /* Base */ = {isa = PBXFileReference; lastKnownFileType = file.xib; name = Base; path = Base.lproj/MainMenu.xib; sourceTree = "<group>"; };
		AD09FC3617FCDC7200A4E49F /* Images.xcassets */ = {isa = PBXFileReference; lastKnownFileType = folder.assetcatalog; path = Images.xcassets; sourceTree = "<group>"; };
		AD09FC3C17FCDC7200A4E49F /* PBPKModelGeneratorTests.xctest */ = {isa = PBXFileReference; explicitFileType = wrapper.cfbundle; includeInIndex = 0; path = PBPKModelGeneratorTests.xctest; sourceTree = BUILT_PRODUCTS_DIR; };
		AD09FC3D17FCDC7200A4E49F /* XCTest.framework */ = {isa = PBXFileReference; lastKnownFileType = wrapper.framework; name = XCTest.framework; path = Library/Frameworks/XCTest.framework; sourceTree = DEVELOPER_DIR; };
		AD09FC4417FCDC7200A4E49F /* PBPKModelGeneratorTests-Info.plist */ = {isa = PBXFileReference; lastKnownFileType = text.plist.xml; path = "PBPKModelGeneratorTests-Info.plist"; sourceTree = "<group>"; };
		AD09FC4617FCDC7200A4E49F /* en */ = {isa = PBXFileReference; lastKnownFileType = text.plist.strings; name = en; path = en.lproj/InfoPlist.strings; sourceTree = "<group>"; };
		AD09FC4817FCDC7200A4E49F /* PBPKModelGeneratorTests.m */ = {isa = PBXFileReference; lastKnownFileType = sourcecode.c.objc; path = PBPKModelGeneratorTests.m; sourceTree = "<group>"; };
		AD09FC5217FCDC8E00A4E49F /* VLDocument.xib */ = {isa = PBXFileReference; fileEncoding = 4; lastKnownFileType = file.xib; path = VLDocument.xib; sourceTree = "<group>"; };
		AD09FC5517FCDD7A00A4E49F /* Languages.xml */ = {isa = PBXFileReference; fileEncoding = 4; lastKnownFileType = text.xml; path = Languages.xml; sourceTree = "<group>"; };
		AD09FC5A17FCDEA000A4E49F /* VLCoreUtilitiesLib.h */ = {isa = PBXFileReference; lastKnownFileType = sourcecode.c.h; name = VLCoreUtilitiesLib.h; path = "../../builds/VLCodeGeneratorLibrary-futuxgqfnrodevghvsqzacdcekch/Build/Products/Debug/include/VLCodeGeneratorLibrary/VLCoreUtilitiesLib.h"; sourceTree = "<group>"; };
		AD09FC5B17FCDEA000A4E49F /* VLCodeGenerationFoundationServer.h */ = {isa = PBXFileReference; lastKnownFileType = sourcecode.c.h; name = VLCodeGenerationFoundationServer.h; path = "../../builds/VLCodeGeneratorLibrary-futuxgqfnrodevghvsqzacdcekch/Build/Products/Debug/include/VLCodeGeneratorLibrary/VLCodeGenerationFoundationServer.h"; sourceTree = "<group>"; };
		AD09FC5C17FCDEA000A4E49F /* VLTransformationServiceVendor.h */ = {isa = PBXFileReference; lastKnownFileType = sourcecode.c.h; name = VLTransformationServiceVendor.h; path = "../../builds/VLCodeGeneratorLibrary-futuxgqfnrodevghvsqzacdcekch/Build/Products/Debug/include/VLCodeGeneratorLibrary/VLTransformationServiceVendor.h"; sourceTree = "<group>"; };
		AD09FC5D17FCDEA000A4E49F /* VLCodeGeneratorLibrary.h */ = {isa = PBXFileReference; lastKnownFileType = sourcecode.c.h; name = VLCodeGeneratorLibrary.h; path = "../../builds/VLCodeGeneratorLibrary-futuxgqfnrodevghvsqzacdcekch/Build/Products/Debug/include/VLCodeGeneratorLibrary/VLCodeGeneratorLibrary.h"; sourceTree = "<group>"; };
		AD09FC5E17FCDEA000A4E49F /* VLBlocksAndConstanStrings.h */ = {isa = PBXFileReference; lastKnownFileType = sourcecode.c.h; name = VLBlocksAndConstanStrings.h; path = "../../builds/VLCodeGeneratorLibrary-futuxgqfnrodevghvsqzacdcekch/Build/Products/Debug/include/VLCodeGeneratorLibrary/VLBlocksAndConstanStrings.h"; sourceTree = "<group>"; };
		AD09FC5F17FCDEA000A4E49F /* VLCodeGenerationOperation.h */ = {isa = PBXFileReference; lastKnownFileType = sourcecode.c.h; name = VLCodeGenerationOperation.h; path = "../../builds/VLCodeGeneratorLibrary-futuxgqfnrodevghvsqzacdcekch/Build/Products/Debug/include/VLCodeGeneratorLibrary/VLCodeGenerationOperation.h"; sourceTree = "<group>"; };
		AD09FC6017FCDEA000A4E49F /* VLAbstractLanguageAdaptor.h */ = {isa = PBXFileReference; lastKnownFileType = sourcecode.c.h; name = VLAbstractLanguageAdaptor.h; path = "../../builds/VLCodeGeneratorLibrary-futuxgqfnrodevghvsqzacdcekch/Build/Products/Debug/include/VLCodeGeneratorLibrary/VLAbstractLanguageAdaptor.h"; sourceTree = "<group>"; };
		AD09FC6117FCDEA000A4E49F /* VLAbstractPBPKLanguageAdaptor.h */ = {isa = PBXFileReference; lastKnownFileType = sourcecode.c.h; name = VLAbstractPBPKLanguageAdaptor.h; path = "../../builds/VLCodeGeneratorLibrary-futuxgqfnrodevghvsqzacdcekch/Build/Products/Debug/include/VLCodeGeneratorLibrary/VLAbstractPBPKLanguageAdaptor.h"; sourceTree = "<group>"; };
		AD543CAB17FD85490084CF8A /* libVLCodeGeneratorLibrary.a */ = {isa = PBXFileReference; lastKnownFileType = archive.ar; name = libVLCodeGeneratorLibrary.a; path = "../builds/VLCodeGeneratorLibrary-futuxgqfnrodevghvsqzacdcekch/Build/Products/Debug/libVLCodeGeneratorLibrary.a"; sourceTree = "<group>"; };
		AD543CB617FDD7AC0084CF8A /* Selectors.xml */ = {isa = PBXFileReference; fileEncoding = 4; lastKnownFileType = text.xml; path = Selectors.xml; sourceTree = "<group>"; };
		AD543CB817FDDFBD0084CF8A /* VLGSLLanguageAdaptor.h */ = {isa = PBXFileReference; lastKnownFileType = sourcecode.c.h; name = VLGSLLanguageAdaptor.h; path = "../../builds/VLCodeGeneratorLibrary-futuxgqfnrodevghvsqzacdcekch/Build/Products/Debug/include/VLCodeGeneratorLibrary/VLGSLLanguageAdaptor.h"; sourceTree = "<group>"; };
		ADAE51151846B40B00A291AB /* TransformationTypes.xml */ = {isa = PBXFileReference; fileEncoding = 4; lastKnownFileType = text.xml; path = TransformationTypes.xml; sourceTree = "<group>"; };
/* End PBXFileReference section */

/* Begin PBXFrameworksBuildPhase section */
		AD09FC1517FCDC7200A4E49F /* Frameworks */ = {
			isa = PBXFrameworksBuildPhase;
			buildActionMask = 2147483647;
			files = (
				AD543CAC17FD85490084CF8A /* libVLCodeGeneratorLibrary.a in Frameworks */,
				AD09FC1C17FCDC7200A4E49F /* Cocoa.framework in Frameworks */,
			);
			runOnlyForDeploymentPostprocessing = 0;
		};
		AD09FC3917FCDC7200A4E49F /* Frameworks */ = {
			isa = PBXFrameworksBuildPhase;
			buildActionMask = 2147483647;
			files = (
				AD09FC3F17FCDC7200A4E49F /* Cocoa.framework in Frameworks */,
				AD09FC3E17FCDC7200A4E49F /* XCTest.framework in Frameworks */,
			);
			runOnlyForDeploymentPostprocessing = 0;
		};
/* End PBXFrameworksBuildPhase section */

/* Begin PBXGroup section */
		AD09FC0F17FCDC7200A4E49F = {
			isa = PBXGroup;
			children = (
				AD09FC2117FCDC7200A4E49F /* PBPKModelGenerator */,
				AD09FC4217FCDC7200A4E49F /* PBPKModelGeneratorTests */,
				AD09FC1A17FCDC7200A4E49F /* Frameworks */,
				AD09FC1917FCDC7200A4E49F /* Products */,
			);
			sourceTree = "<group>";
		};
		AD09FC1917FCDC7200A4E49F /* Products */ = {
			isa = PBXGroup;
			children = (
				AD09FC1817FCDC7200A4E49F /* PBPKModelGenerator.app */,
				AD09FC3C17FCDC7200A4E49F /* PBPKModelGeneratorTests.xctest */,
			);
			name = Products;
			sourceTree = "<group>";
		};
		AD09FC1A17FCDC7200A4E49F /* Frameworks */ = {
			isa = PBXGroup;
			children = (
				AD543CAB17FD85490084CF8A /* libVLCodeGeneratorLibrary.a */,
				AD09FC1B17FCDC7200A4E49F /* Cocoa.framework */,
				AD09FC3D17FCDC7200A4E49F /* XCTest.framework */,
				AD09FC1D17FCDC7200A4E49F /* Other Frameworks */,
			);
			name = Frameworks;
			sourceTree = "<group>";
		};
		AD09FC1D17FCDC7200A4E49F /* Other Frameworks */ = {
			isa = PBXGroup;
			children = (
				AD09FC1E17FCDC7200A4E49F /* AppKit.framework */,
				AD09FC1F17FCDC7200A4E49F /* CoreData.framework */,
				AD09FC2017FCDC7200A4E49F /* Foundation.framework */,
			);
			name = "Other Frameworks";
			sourceTree = "<group>";
		};
		AD09FC2117FCDC7200A4E49F /* PBPKModelGenerator */ = {
			isa = PBXGroup;
			children = (
				AD09FC5917FCDE8200A4E49F /* lib_headers */,
				AD09FC5417FCDD6900A4E49F /* default_config */,
				AD09FC2D17FCDC7200A4E49F /* VLDocument.h */,
				AD09FC2E17FCDC7200A4E49F /* VLDocument.m */,
				AD09FC5217FCDC8E00A4E49F /* VLDocument.xib */,
				AD09FC3317FCDC7200A4E49F /* MainMenu.xib */,
				AD09FC3617FCDC7200A4E49F /* Images.xcassets */,
				AD09FC2217FCDC7200A4E49F /* Supporting Files */,
			);
			path = PBPKModelGenerator;
			sourceTree = "<group>";
		};
		AD09FC2217FCDC7200A4E49F /* Supporting Files */ = {
			isa = PBXGroup;
			children = (
				AD09FC2317FCDC7200A4E49F /* PBPKModelGenerator-Info.plist */,
				AD09FC2417FCDC7200A4E49F /* InfoPlist.strings */,
				AD09FC2717FCDC7200A4E49F /* main.m */,
				AD09FC2917FCDC7200A4E49F /* PBPKModelGenerator-Prefix.pch */,
				AD09FC2A17FCDC7200A4E49F /* Credits.rtf */,
			);
			name = "Supporting Files";
			sourceTree = "<group>";
		};
		AD09FC4217FCDC7200A4E49F /* PBPKModelGeneratorTests */ = {
			isa = PBXGroup;
			children = (
				AD09FC4817FCDC7200A4E49F /* PBPKModelGeneratorTests.m */,
				AD09FC4317FCDC7200A4E49F /* Supporting Files */,
			);
			path = PBPKModelGeneratorTests;
			sourceTree = "<group>";
		};
		AD09FC4317FCDC7200A4E49F /* Supporting Files */ = {
			isa = PBXGroup;
			children = (
				AD09FC4417FCDC7200A4E49F /* PBPKModelGeneratorTests-Info.plist */,
				AD09FC4517FCDC7200A4E49F /* InfoPlist.strings */,
			);
			name = "Supporting Files";
			sourceTree = "<group>";
		};
		AD09FC5417FCDD6900A4E49F /* default_config */ = {
			isa = PBXGroup;
			children = (
				AD543CB617FDD7AC0084CF8A /* Selectors.xml */,
				AD09FC5517FCDD7A00A4E49F /* Languages.xml */,
				ADAE51151846B40B00A291AB /* TransformationTypes.xml */,
			);
			name = default_config;
			sourceTree = "<group>";
		};
		AD09FC5917FCDE8200A4E49F /* lib_headers */ = {
			isa = PBXGroup;
			children = (
				AD543CB817FDDFBD0084CF8A /* VLGSLLanguageAdaptor.h */,
				AD09FC5A17FCDEA000A4E49F /* VLCoreUtilitiesLib.h */,
				AD09FC5B17FCDEA000A4E49F /* VLCodeGenerationFoundationServer.h */,
				AD09FC5C17FCDEA000A4E49F /* VLTransformationServiceVendor.h */,
				AD09FC5D17FCDEA000A4E49F /* VLCodeGeneratorLibrary.h */,
				AD09FC5E17FCDEA000A4E49F /* VLBlocksAndConstanStrings.h */,
				AD09FC5F17FCDEA000A4E49F /* VLCodeGenerationOperation.h */,
				AD09FC6017FCDEA000A4E49F /* VLAbstractLanguageAdaptor.h */,
				AD09FC6117FCDEA000A4E49F /* VLAbstractPBPKLanguageAdaptor.h */,
			);
			name = lib_headers;
			sourceTree = "<group>";
		};
/* End PBXGroup section */

/* Begin PBXNativeTarget section */
		AD09FC1717FCDC7200A4E49F /* PBPKModelGenerator */ = {
			isa = PBXNativeTarget;
			buildConfigurationList = AD09FC4C17FCDC7200A4E49F /* Build configuration list for PBXNativeTarget "PBPKModelGenerator" */;
			buildPhases = (
				AD09FC1417FCDC7200A4E49F /* Sources */,
				AD09FC1517FCDC7200A4E49F /* Frameworks */,
				AD09FC1617FCDC7200A4E49F /* Resources */,
			);
			buildRules = (
			);
			dependencies = (
			);
			name = PBPKModelGenerator;
			productName = PBPKModelGenerator;
			productReference = AD09FC1817FCDC7200A4E49F /* PBPKModelGenerator.app */;
			productType = "com.apple.product-type.application";
		};
		AD09FC3B17FCDC7200A4E49F /* PBPKModelGeneratorTests */ = {
			isa = PBXNativeTarget;
			buildConfigurationList = AD09FC4F17FCDC7200A4E49F /* Build configuration list for PBXNativeTarget "PBPKModelGeneratorTests" */;
			buildPhases = (
				AD09FC3817FCDC7200A4E49F /* Sources */,
				AD09FC3917FCDC7200A4E49F /* Frameworks */,
				AD09FC3A17FCDC7200A4E49F /* Resources */,
			);
			buildRules = (
			);
			dependencies = (
				AD09FC4117FCDC7200A4E49F /* PBXTargetDependency */,
			);
			name = PBPKModelGeneratorTests;
			productName = PBPKModelGeneratorTests;
			productReference = AD09FC3C17FCDC7200A4E49F /* PBPKModelGeneratorTests.xctest */;
			productType = "com.apple.product-type.bundle.unit-test";
		};
/* End PBXNativeTarget section */

/* Begin PBXProject section */
		AD09FC1017FCDC7200A4E49F /* Project object */ = {
			isa = PBXProject;
			attributes = {
				CLASSPREFIX = VL;
				LastUpgradeCheck = 0500;
				ORGANIZATIONNAME = Varnerlab;
				TargetAttributes = {
					AD09FC3B17FCDC7200A4E49F = {
						TestTargetID = AD09FC1717FCDC7200A4E49F;
					};
				};
			};
			buildConfigurationList = AD09FC1317FCDC7200A4E49F /* Build configuration list for PBXProject "PBPKModelGenerator" */;
			compatibilityVersion = "Xcode 3.2";
			developmentRegion = English;
			hasScannedForEncodings = 0;
			knownRegions = (
				en,
				Base,
			);
			mainGroup = AD09FC0F17FCDC7200A4E49F;
			productRefGroup = AD09FC1917FCDC7200A4E49F /* Products */;
			projectDirPath = "";
			projectRoot = "";
			targets = (
				AD09FC1717FCDC7200A4E49F /* PBPKModelGenerator */,
				AD09FC3B17FCDC7200A4E49F /* PBPKModelGeneratorTests */,
			);
		};
/* End PBXProject section */

/* Begin PBXResourcesBuildPhase section */
		AD09FC1617FCDC7200A4E49F /* Resources */ = {
			isa = PBXResourcesBuildPhase;
			buildActionMask = 2147483647;
			files = (
				AD09FC2617FCDC7200A4E49F /* InfoPlist.strings in Resources */,
				ADAE51161846B40B00A291AB /* TransformationTypes.xml in Resources */,
				AD09FC5317FCDC8E00A4E49F /* VLDocument.xib in Resources */,
				AD543CB717FDD7AC0084CF8A /* Selectors.xml in Resources */,
				AD09FC5617FCDD7A00A4E49F /* Languages.xml in Resources */,
				AD09FC3717FCDC7200A4E49F /* Images.xcassets in Resources */,
				AD09FC2C17FCDC7200A4E49F /* Credits.rtf in Resources */,
				AD09FC3517FCDC7200A4E49F /* MainMenu.xib in Resources */,
			);
			runOnlyForDeploymentPostprocessing = 0;
		};
		AD09FC3A17FCDC7200A4E49F /* Resources */ = {
			isa = PBXResourcesBuildPhase;
			buildActionMask = 2147483647;
			files = (
				AD09FC4717FCDC7200A4E49F /* InfoPlist.strings in Resources */,
			);
			runOnlyForDeploymentPostprocessing = 0;
		};
/* End PBXResourcesBuildPhase section */

/* Begin PBXSourcesBuildPhase section */
		AD09FC1417FCDC7200A4E49F /* Sources */ = {
			isa = PBXSourcesBuildPhase;
			buildActionMask = 2147483647;
			files = (
				AD09FC2F17FCDC7200A4E49F /* VLDocument.m in Sources */,
				AD09FC2817FCDC7200A4E49F /* main.m in Sources */,
			);
			runOnlyForDeploymentPostprocessing = 0;
		};
		AD09FC3817FCDC7200A4E49F /* Sources */ = {
			isa = PBXSourcesBuildPhase;
			buildActionMask = 2147483647;
			files = (
				AD09FC4917FCDC7200A4E49F /* PBPKModelGeneratorTests.m in Sources */,
			);
			runOnlyForDeploymentPostprocessing = 0;
		};
/* End PBXSourcesBuildPhase section */

/* Begin PBXTargetDependency section */
		AD09FC4117FCDC7200A4E49F /* PBXTargetDependency */ = {
			isa = PBXTargetDependency;
			target = AD09FC1717FCDC7200A4E49F /* PBPKModelGenerator */;
			targetProxy = AD09FC4017FCDC7200A4E49F /* PBXContainerItemProxy */;
		};
/* End PBXTargetDependency section */

/* Begin PBXVariantGroup section */
		AD09FC2417FCDC7200A4E49F /* InfoPlist.strings */ = {
			isa = PBXVariantGroup;
			children = (
				AD09FC2517FCDC7200A4E49F /* en */,
			);
			name = InfoPlist.strings;
			sourceTree = "<group>";
		};
		AD09FC2A17FCDC7200A4E49F /* Credits.rtf */ = {
			isa = PBXVariantGroup;
			children = (
				AD09FC2B17FCDC7200A4E49F /* en */,
			);
			name = Credits.rtf;
			sourceTree = "<group>";
		};
		AD09FC3317FCDC7200A4E49F /* MainMenu.xib */ = {
			isa = PBXVariantGroup;
			children = (
				AD09FC3417FCDC7200A4E49F /* Base */,
			);
			name = MainMenu.xib;
			sourceTree = "<group>";
		};
		AD09FC4517FCDC7200A4E49F /* InfoPlist.strings */ = {
			isa = PBXVariantGroup;
			children = (
				AD09FC4617FCDC7200A4E49F /* en */,
			);
			name = InfoPlist.strings;
			sourceTree = "<group>";
		};
/* End PBXVariantGroup section */

/* Begin XCBuildConfiguration section */
		AD09FC4A17FCDC7200A4E49F /* Debug */ = {
			isa = XCBuildConfiguration;
			buildSettings = {
				ALWAYS_SEARCH_USER_PATHS = NO;
				CLANG_CXX_LANGUAGE_STANDARD = "gnu++0x";
				CLANG_CXX_LIBRARY = "libc++";
				CLANG_ENABLE_OBJC_ARC = YES;
				CLANG_WARN_BOOL_CONVERSION = YES;
				CLANG_WARN_CONSTANT_CONVERSION = YES;
				CLANG_WARN_DIRECT_OBJC_ISA_USAGE = YES_ERROR;
				CLANG_WARN_EMPTY_BODY = YES;
				CLANG_WARN_ENUM_CONVERSION = YES;
				CLANG_WARN_INT_CONVERSION = YES;
				CLANG_WARN_OBJC_ROOT_CLASS = YES_ERROR;
				CLANG_WARN__DUPLICATE_METHOD_MATCH = YES;
				COPY_PHASE_STRIP = NO;
				GCC_C_LANGUAGE_STANDARD = gnu99;
				GCC_DYNAMIC_NO_PIC = NO;
				GCC_ENABLE_OBJC_EXCEPTIONS = YES;
				GCC_OPTIMIZATION_LEVEL = 0;
				GCC_PREPROCESSOR_DEFINITIONS = (
					"DEBUG=1",
					"$(inherited)",
				);
				GCC_SYMBOLS_PRIVATE_EXTERN = NO;
				GCC_WARN_64_TO_32_BIT_CONVERSION = YES;
				GCC_WARN_ABOUT_RETURN_TYPE = YES_ERROR;
				GCC_WARN_UNDECLARED_SELECTOR = YES;
				GCC_WARN_UNINITIALIZED_AUTOS = YES;
				GCC_WARN_UNUSED_FUNCTION = YES;
				GCC_WARN_UNUSED_VARIABLE = YES;
				MACOSX_DEPLOYMENT_TARGET = 10.8;
				ONLY_ACTIVE_ARCH = YES;
				SDKROOT = macosx;
			};
			name = Debug;
		};
		AD09FC4B17FCDC7200A4E49F /* Release */ = {
			isa = XCBuildConfiguration;
			buildSettings = {
				ALWAYS_SEARCH_USER_PATHS = NO;
				CLANG_CXX_LANGUAGE_STANDARD = "gnu++0x";
				CLANG_CXX_LIBRARY = "libc++";
				CLANG_ENABLE_OBJC_ARC = YES;
				CLANG_WARN_BOOL_CONVERSION = YES;
				CLANG_WARN_CONSTANT_CONVERSION = YES;
				CLANG_WARN_DIRECT_OBJC_ISA_USAGE = YES_ERROR;
				CLANG_WARN_EMPTY_BODY = YES;
				CLANG_WARN_ENUM_CONVERSION = YES;
				CLANG_WARN_INT_CONVERSION = YES;
				CLANG_WARN_OBJC_ROOT_CLASS = YES_ERROR;
				CLANG_WARN__DUPLICATE_METHOD_MATCH = YES;
				COPY_PHASE_STRIP = YES;
				DEBUG_INFORMATION_FORMAT = "dwarf-with-dsym";
				ENABLE_NS_ASSERTIONS = NO;
				GCC_C_LANGUAGE_STANDARD = gnu99;
				GCC_ENABLE_OBJC_EXCEPTIONS = YES;
				GCC_WARN_64_TO_32_BIT_CONVERSION = YES;
				GCC_WARN_ABOUT_RETURN_TYPE = YES_ERROR;
				GCC_WARN_UNDECLARED_SELECTOR = YES;
				GCC_WARN_UNINITIALIZED_AUTOS = YES;
				GCC_WARN_UNUSED_FUNCTION = YES;
				GCC_WARN_UNUSED_VARIABLE = YES;
				MACOSX_DEPLOYMENT_TARGET = 10.8;
				SDKROOT = macosx;
			};
			name = Release;
		};
		AD09FC4D17FCDC7200A4E49F /* Debug */ = {
			isa = XCBuildConfiguration;
			buildSettings = {
				ASSETCATALOG_COMPILER_APPICON_NAME = AppIcon;
				COMBINE_HIDPI_IMAGES = YES;
				GCC_PRECOMPILE_PREFIX_HEADER = YES;
				GCC_PREFIX_HEADER = "PBPKModelGenerator/PBPKModelGenerator-Prefix.pch";
				INFOPLIST_FILE = "PBPKModelGenerator/PBPKModelGenerator-Info.plist";
				LIBRARY_SEARCH_PATHS = (
					"$(inherited)",
					/Users/jeffreyvarner/Desktop/MyUniversalProjects/PBPKModelGenerator,
					"/Users/jeffreyvarner/Desktop/MyUniversalProjects/builds/VLCodeGeneratorLibrary-futuxgqfnrodevghvsqzacdcekch/Build/Products/Debug",
				);
				OTHER_LDFLAGS = "-ObjC";
				PRODUCT_NAME = "$(TARGET_NAME)";
				WRAPPER_EXTENSION = app;
			};
			name = Debug;
		};
		AD09FC4E17FCDC7200A4E49F /* Release */ = {
			isa = XCBuildConfiguration;
			buildSettings = {
				ASSETCATALOG_COMPILER_APPICON_NAME = AppIcon;
				COMBINE_HIDPI_IMAGES = YES;
				GCC_PRECOMPILE_PREFIX_HEADER = YES;
				GCC_PREFIX_HEADER = "PBPKModelGenerator/PBPKModelGenerator-Prefix.pch";
				INFOPLIST_FILE = "PBPKModelGenerator/PBPKModelGenerator-Info.plist";
				LIBRARY_SEARCH_PATHS = (
					"$(inherited)",
					/Users/jeffreyvarner/Desktop/MyUniversalProjects/PBPKModelGenerator,
					"/Users/jeffreyvarner/Desktop/MyUniversalProjects/builds/VLCodeGeneratorLibrary-futuxgqfnrodevghvsqzacdcekch/Build/Products/Debug",
				);
				OTHER_LDFLAGS = "-ObjC";
				"OTHER_LDFLAGS[arch=*]" = "";
				PRODUCT_NAME = "$(TARGET_NAME)";
				WRAPPER_EXTENSION = app;
			};
			name = Release;
		};
		AD09FC5017FCDC7200A4E49F /* Debug */ = {
			isa = XCBuildConfiguration;
			buildSettings = {
				BUNDLE_LOADER = "$(BUILT_PRODUCTS_DIR)/PBPKModelGenerator.app/Contents/MacOS/PBPKModelGenerator";
				COMBINE_HIDPI_IMAGES = YES;
				FRAMEWORK_SEARCH_PATHS = (
					"$(DEVELOPER_FRAMEWORKS_DIR)",
					"$(inherited)",
				);
				GCC_PRECOMPILE_PREFIX_HEADER = YES;
				GCC_PREFIX_HEADER = "PBPKModelGenerator/PBPKModelGenerator-Prefix.pch";
				GCC_PREPROCESSOR_DEFINITIONS = (
					"DEBUG=1",
					"$(inherited)",
				);
				INFOPLIST_FILE = "PBPKModelGeneratorTests/PBPKModelGeneratorTests-Info.plist";
				PRODUCT_NAME = "$(TARGET_NAME)";
				TEST_HOST = "$(BUNDLE_LOADER)";
				WRAPPER_EXTENSION = xctest;
			};
			name = Debug;
		};
		AD09FC5117FCDC7200A4E49F /* Release */ = {
			isa = XCBuildConfiguration;
			buildSettings = {
				BUNDLE_LOADER = "$(BUILT_PRODUCTS_DIR)/PBPKModelGenerator.app/Contents/MacOS/PBPKModelGenerator";
				COMBINE_HIDPI_IMAGES = YES;
				FRAMEWORK_SEARCH_PATHS = (
					"$(DEVELOPER_FRAMEWORKS_DIR)",
					"$(inherited)",
				);
				GCC_PRECOMPILE_PREFIX_HEADER = YES;
				GCC_PREFIX_HEADER = "PBPKModelGenerator/PBPKModelGenerator-Prefix.pch";
				INFOPLIST_FILE = "PBPKModelGeneratorTests/PBPKModelGeneratorTests-Info.plist";
				PRODUCT_NAME = "$(TARGET_NAME)";
				TEST_HOST = "$(BUNDLE_LOADER)";
				WRAPPER_EXTENSION = xctest;
			};
			name = Release;
		};
/* End XCBuildConfiguration section */

/* Begin XCConfigurationList section */
		AD09FC1317FCDC7200A4E49F /* Build configuration list for PBXProject "PBPKModelGenerator" */ = {
			isa = XCConfigurationList;
			buildConfigurations = (
				AD09FC4A17FCDC7200A4E49F /* Debug */,
				AD09FC4B17FCDC7200A4E49F /* Release */,
			);
			defaultConfigurationIsVisible = 0;
			defaultConfigurationName = Release;
		};
		AD09FC4C17FCDC7200A4E49F /* Build configuration list for PBXNativeTarget "PBPKModelGenerator" */ = {
			isa = XCConfigurationList;
			buildConfigurations = (
				AD09FC4D17FCDC7200A4E49F /* Debug */,
				AD09FC4E17FCDC7200A4E49F /* Release */,
			);
			defaultConfigurationIsVisible = 0;
			defaultConfigurationName = Release;
		};
		AD09FC4F17FCDC7200A4E49F /* Build configuration list for PBXNativeTarget "PBPKModelGeneratorTests" */ = {
			isa = XCConfigurationList;
			buildConfigurations = (
				AD09FC5017FCDC7200A4E49F /* Debug */,
				AD09FC5117FCDC7200A4E49F /* Release */,
			);
			defaultConfigurationIsVisible = 0;
			defaultConfigurationName = Release;
		};
/* End XCConfigurationList section */
	};
	rootObject = AD09FC1017FCDC7200A4E49F /* Project object */;
}
